// !$*UTF8*$!
{
	archiveVersion = 1;
	classes = {
	};
	objectVersion = 46;
	objects = {

/* Begin PBXBuildFile section */
		942348CB1C47766900E2ADBB /* main.m in Sources */ = {isa = PBXBuildFile; fileRef = 942348CA1C47766900E2ADBB /* main.m */; };
		942348CE1C47766900E2ADBB /* AppDelegate.m in Sources */ = {isa = PBXBuildFile; fileRef = 942348CD1C47766900E2ADBB /* AppDelegate.m */; };
		942348D11C47766900E2ADBB /* ViewController.m in Sources */ = {isa = PBXBuildFile; fileRef = 942348D01C47766900E2ADBB /* ViewController.m */; };
		942348D41C47766900E2ADBB /* Main.storyboard in Resources */ = {isa = PBXBuildFile; fileRef = 942348D21C47766900E2ADBB /* Main.storyboard */; };
		942348D61C47766900E2ADBB /* Assets.xcassets in Resources */ = {isa = PBXBuildFile; fileRef = 942348D51C47766900E2ADBB /* Assets.xcassets */; };
		942348D91C47766900E2ADBB /* LaunchScreen.storyboard in Resources */ = {isa = PBXBuildFile; fileRef = 942348D71C47766900E2ADBB /* LaunchScreen.storyboard */; };
/* End PBXBuildFile section */

/* Begin PBXFileReference section */
		942348C61C47766900E2ADBB /* ImageAddingDemo.app */ = {isa = PBXFileReference; explicitFileType = wrapper.application; includeInIndex = 0; path = ImageAddingDemo.app; sourceTree = BUILT_PRODUCTS_DIR; };
		942348CA1C47766900E2ADBB /* main.m */ = {isa = PBXFileReference; lastKnownFileType = sourcecode.c.objc; path = main.m; sourceTree = "<group>"; };
		942348CC1C47766900E2ADBB /* AppDelegate.h */ = {isa = PBXFileReference; lastKnownFileType = sourcecode.c.h; path = AppDelegate.h; sourceTree = "<group>"; };
		942348CD1C47766900E2ADBB /* AppDelegate.m */ = {isa = PBXFileReference; lastKnownFileType = sourcecode.c.objc; path = AppDelegate.m; sourceTree = "<group>"; };
		942348CF1C47766900E2ADBB /* ViewController.h */ = {isa = PBXFileReference; lastKnownFileType = sourcecode.c.h; path = ViewController.h; sourceTree = "<group>"; };
		942348D01C47766900E2ADBB /* ViewController.m */ = {isa = PBXFileReference; lastKnownFileType = sourcecode.c.objc; path = ViewController.m; sourceTree = "<group>"; };
		942348D31C47766900E2ADBB /* Base */ = {isa = PBXFileReference; lastKnownFileType = file.storyboard; name = Base; path = Base.lproj/Main.storyboard; sourceTree = "<group>"; };
		942348D51C47766900E2ADBB /* Assets.xcassets */ = {isa = PBXFileReference; lastKnownFileType = folder.assetcatalog; path = Assets.xcassets; sourceTree = "<group>"; };
		942348D81C47766900E2ADBB /* Base */ = {isa = PBXFileReference; lastKnownFileType = file.storyboard; name = Base; path = Base.lproj/LaunchScreen.storyboard; sourceTree = "<group>"; };
		942348DA1C47766900E2ADBB /* Info.plist */ = {isa = PBXFileReference; lastKnownFileType = text.plist.xml; path = Info.plist; sourceTree = "<group>"; };
/* End PBXFileReference section */

/* Begin PBXFrameworksBuildPhase section */
		942348C31C47766900E2ADBB /* Frameworks */ = {
			isa = PBXFrameworksBuildPhase;
			buildActionMask = 2147483647;
			files = (
			);
			runOnlyForDeploymentPostprocessing = 0;
		};
/* End PBXFrameworksBuildPhase section */

/* Begin PBXGroup section */
		942348BD1C47766900E2ADBB = {
			isa = PBXGroup;
			children = (
				942348C81C47766900E2ADBB /* ImageAddingDemo */,
				942348C71C47766900E2ADBB /* Products */,
			);
			sourceTree = "<group>";
		};
		942348C71C47766900E2ADBB /* Products */ = {
			isa = PBXGroup;
			children = (
				942348C61C47766900E2ADBB /* ImageAddingDemo.app */,
			);
			name = Products;
			sourceTree = "<group>";
		};
		942348C81C47766900E2ADBB /* ImageAddingDemo */ = {
			isa = PBXGroup;
			children = (
				942348CC1C47766900E2ADBB /* AppDelegate.h */,
				942348CD1C47766900E2ADBB /* AppDelegate.m */,
				942348CF1C47766900E2ADBB /* ViewController.h */,
				942348D01C47766900E2ADBB /* ViewController.m */,
				942348D21C47766900E2ADBB /* Main.storyboard */,
				942348D51C47766900E2ADBB /* Assets.xcassets */,
				942348D71C47766900E2ADBB /* LaunchScreen.storyboard */,
				942348DA1C47766900E2ADBB /* Info.plist */,
				942348C91C47766900E2ADBB /* Supporting Files */,
			);
			path = ImageAddingDemo;
			sourceTree = "<group>";
		};
		942348C91C47766900E2ADBB /* Supporting Files */ = {
			isa = PBXGroup;
			children = (
				942348CA1C47766900E2ADBB /* main.m */,
			);
			name = "Supporting Files";
			sourceTree = "<group>";
		};
/* End PBXGroup section */

/* Begin PBXNativeTarget section */
		942348C51C47766900E2ADBB /* ImageAddingDemo */ = {
			isa = PBXNativeTarget;
			buildConfigurationList = 942348DD1C47766900E2ADBB /* Build configuration list for PBXNativeTarget "ImageAddingDemo" */;
			buildPhases = (
				942348C21C47766900E2ADBB /* Sources */,
				942348C31C47766900E2ADBB /* Frameworks */,
				942348C41C47766900E2ADBB /* Resources */,
			);
			buildRules = (
			);
			dependencies = (
			);
			name = ImageAddingDemo;
			productName = ImageAddingDemo;
			productReference = 942348C61C47766900E2ADBB /* ImageAddingDemo.app */;
			productType = "com.apple.product-type.application";
		};
/* End PBXNativeTarget section */

/* Begin PBXProject section */
		942348BE1C47766900E2ADBB /* Project object */ = {
			isa = PBXProject;
			attributes = {
				LastUpgradeCheck = 0720;
				ORGANIZATIONNAME = ryan;
				TargetAttributes = {
					942348C51C47766900E2ADBB = {
						CreatedOnToolsVersion = 7.2;
					};
				};
			};
			buildConfigurationList = 942348C11C47766900E2ADBB /* Build configuration list for PBXProject "ImageAddingDemo" */;
			compatibilityVersion = "Xcode 3.2";
			developmentRegion = English;
			hasScannedForEncodings = 0;
			knownRegions = (
				en,
				Base,
			);
			mainGroup = 942348BD1C47766900E2ADBB;
			productRefGroup = 942348C71C47766900E2ADBB /* Products */;
			projectDirPath = "";
			projectRoot = "";
			targets = (
				942348C51C47766900E2ADBB /* ImageAddingDemo */,
			);
		};
/* End PBXProject section */

/* Begin PBXResourcesBuildPhase section */
		942348C41C47766900E2ADBB /* Resources */ = {
			isa = PBXResourcesBuildPhase;
			buildActionMask = 2147483647;
			files = (
				942348D91C47766900E2ADBB /* LaunchScreen.storyboard in Resources */,
				942348D61C47766900E2ADBB /* Assets.xcassets in Resources */,
				942348D41C47766900E2ADBB /* Main.storyboard in Resources */,
			);
			runOnlyForDeploymentPostprocessing = 0;
		};
/* End PBXResourcesBuildPhase section */

/* Begin PBXSourcesBuildPhase section */
		942348C21C47766900E2ADBB /* Sources */ = {
			isa = PBXSourcesBuildPhase;
			buildActionMask = 2147483647;
			files = (
				942348D11C47766900E2ADBB /* ViewController.m in Sources */,
				942348CE1C47766900E2ADBB /* AppDelegate.m in Sources */,
				942348CB1C47766900E2ADBB /* main.m in Sources */,
			);
			runOnlyForDeploymentPostprocessing = 0;
		};
/* End PBXSourcesBuildPhase section */

/* Begin PBXVariantGroup section */
		942348D21C47766900E2ADBB /* Main.storyboard */ = {
			isa = PBXVariantGroup;
			children = (
				942348D31C47766900E2ADBB /* Base */,
			);
			name = Main.storyboard;
			sourceTree = "<group>";
		};
		942348D71C47766900E2ADBB /* LaunchScreen.storyboard */ = {
			isa = PBXVariantGroup;
			children = (
				942348D81C47766900E2ADBB /* Base */,
			);
			name = LaunchScreen.storyboard;
			sourceTree = "<group>";
		};
/* End PBXVariantGroup section */

/* Begin XCBuildConfiguration section */
		942348DB1C47766900E2ADBB /* Debug */ = {
			isa = XCBuildConfiguration;
			buildSettings = {
				ALWAYS_SEARCH_USER_PATHS = NO;
				CLANG_CXX_LANGUAGE_STANDARD = "gnu++0x";
				CLANG_CXX_LIBRARY = "libc++";
				CLANG_ENABLE_MODULES = YES;
				CLANG_ENABLE_OBJC_ARC = YES;
				CLANG_WARN_BOOL_CONVERSION = YES;
				CLANG_WARN_CONSTANT_CONVERSION = YES;
				CLANG_WARN_DIRECT_OBJC_ISA_USAGE = YES_ERROR;
				CLANG_WARN_EMPTY_BODY = YES;
				CLANG_WARN_ENUM_CONVERSION = YES;
				CLANG_WARN_INT_CONVERSION = YES;
				CLANG_WARN_OBJC_ROOT_CLASS = YES_ERROR;
				CLANG_WARN_UNREACHABLE_CODE = YES;
				CLANG_WARN__DUPLICATE_METHOD_MATCH = YES;
				"CODE_SIGN_IDENTITY[sdk=iphoneos*]" = "iPhone Developer";
				COPY_PHASE_STRIP = NO;
				DEBUG_INFORMATION_FORMAT = dwarf;
				ENABLE_STRICT_OBJC_MSGSEND = YES;
				ENABLE_TESTABILITY = YES;
				GCC_C_LANGUAGE_STANDARD = gnu99;
				GCC_DYNAMIC_NO_PIC = NO;
				GCC_NO_COMMON_BLOCKS = YES;
				GCC_OPTIMIZATION_LEVEL = 0;
				GCC_PREPROCESSOR_DEFINITIONS = (
					"DEBUG=1",
					"$(inherited)",
				);
				GCC_WARN_64_TO_32_BIT_CONVERSION = YES;
				GCC_WARN_ABOUT_RETURN_TYPE = YES_ERROR;
				GCC_WARN_UNDECLARED_SELECTOR = YES;
				GCC_WARN_UNINITIALIZED_AUTOS = YES_AGGRESSIVE;
				GCC_WARN_UNUSED_FUNCTION = YES;
				GCC_WARN_UNUSED_VARIABLE = YES;
				IPHONEOS_DEPLOYMENT_TARGET = 9.2;
				MTL_ENABLE_DEBUG_INFO = YES;
				ONLY_ACTIVE_ARCH = YES;
				SDKROOT = iphoneos;
				TARGETED_DEVICE_FAMILY = "1,2";
			};
			name = Debug;
		};
		942348DC1C47766900E2ADBB /* Release */ = {
			isa = XCBuildConfiguration;
			buildSettings = {
				ALWAYS_SEARCH_USER_PATHS = NO;
				CLANG_CXX_LANGUAGE_STANDARD = "gnu++0x";
				CLANG_CXX_LIBRARY = "libc++";
				CLANG_ENABLE_MODULES = YES;
				CLANG_ENABLE_OBJC_ARC = YES;
				CLANG_WARN_BOOL_CONVERSION = YES;
				CLANG_WARN_CONSTANT_CONVERSION = YES;
				CLANG_WARN_DIRECT_OBJC_ISA_USAGE = YES_ERROR;
				CLANG_WARN_EMPTY_BODY = YES;
				CLANG_WARN_ENUM_CONVERSION = YES;
				CLANG_WARN_INT_CONVERSION = YES;
				CLANG_WARN_OBJC_ROOT_CLASS = YES_ERROR;
				CLANG_WARN_UNREACHABLE_CODE = YES;
				CLANG_WARN__DUPLICATE_METHOD_MATCH = YES;
				"CODE_SIGN_IDENTITY[sdk=iphoneos*]" = "iPhone Developer";
				COPY_PHASE_STRIP = NO;
				DEBUG_INFORMATION_FORMAT = "dwarf-with-dsym";
				ENABLE_NS_ASSERTIONS = NO;
				ENABLE_STRICT_OBJC_MSGSEND = YES;
				GCC_C_LANGUAGE_STANDARD = gnu99;
				GCC_NO_COMMON_BLOCKS = YES;
				GCC_WARN_64_TO_32_BIT_CONVERSION = YES;
				GCC_WARN_ABOUT_RETURN_TYPE = YES_ERROR;
				GCC_WARN_UNDECLARED_SELECTOR = YES;
				GCC_WARN_UNINITIALIZED_AUTOS = YES_AGGRESSIVE;
				GCC_WARN_UNUSED_FUNCTION = YES;
				GCC_WARN_UNUSED_VARIABLE = YES;
				IPHONEOS_DEPLOYMENT_TARGET = 9.2;
				MTL_ENABLE_DEBUG_INFO = NO;
				SDKROOT = iphoneos;
				TARGETED_DEVICE_FAMILY = "1,2";
				VALIDATE_PRODUCT = YES;
			};
			name = Release;
		};
		942348DE1C47766900E2ADBB /* Debug */ = {
			isa = XCBuildConfiguration;
			buildSettings = {
				ASSETCATALOG_COMPILER_APPICON_NAME = AppIcon;
				INFOPLIST_FILE = ImageAddingDemo/Info.plist;
				LD_RUNPATH_SEARCH_PATHS = "$(inherited) @executable_path/Frameworks";
				PRODUCT_BUNDLE_IDENTIFIER = com.ryan.ImageAddingDemo;
				PRODUCT_NAME = "$(TARGET_NAME)";
			};
			name = Debug;
		};
		942348DF1C47766900E2ADBB /* Release */ = {
			isa = XCBuildConfiguration;
			buildSettings = {
				ASSETCATALOG_COMPILER_APPICON_NAME = AppIcon;
				INFOPLIST_FILE = ImageAddingDemo/Info.plist;
				LD_RUNPATH_SEARCH_PATHS = "$(inherited) @executable_path/Frameworks";
				PRODUCT_BUNDLE_IDENTIFIER = com.ryan.ImageAddingDemo;
				PRODUCT_NAME = "$(TARGET_NAME)";
			};
			name = Release;
		};
/* End XCBuildConfiguration section */

/* Begin XCConfigurationList section */
		942348C11C47766900E2ADBB /* Build configuration list for PBXProject "ImageAddingDemo" */ = {
			isa = XCConfigurationList;
			buildConfigurations = (
				942348DB1C47766900E2ADBB /* Debug */,
				942348DC1C47766900E2ADBB /* Release */,
			);
			defaultConfigurationIsVisible = 0;
			defaultConfigurationName = Release;
		};
		942348DD1C47766900E2ADBB /* Build configuration list for PBXNativeTarget "ImageAddingDemo" */ = {
			isa = XCConfigurationList;
			buildConfigurations = (
				942348DE1C47766900E2ADBB /* Debug */,
				942348DF1C47766900E2ADBB /* Release */,
			);
			defaultConfigurationIsVisible = 0;
		};
/* End XCConfigurationList section */
	};
	rootObject = 942348BE1C47766900E2ADBB /* Project object */;
}
